
Microsoft Visual Studio Solution File, Format Version 11.00
# Visual Studio 2010
Project("{CC5FD16D-436D-48AD-A40C-5A424C6E3E79}") = "CodeExService", "CodeExService\CodeExService.ccproj", "{19F70C45-433B-44BC-AFA8-D77AB4920E2B}"
EndProject
Project("{FAE04EC0-301F-11D3-BF4B-00C04F79EFBC}") = "HoiioWCFService", "WCFServiceWebRole1\HoiioWCFService.csproj", "{912D5771-BB34-4B55-92DE-D2D2AB1DFA7C}"
EndProject
Project("{FAE04EC0-301F-11D3-BF4B-00C04F79EFBC}") = "HoiioSDK.NET", "D:\GIT\HoiioSDK.NET\HoiioSDK.NET\HoiioSDK.NET.csproj", "{4A957C34-D3D5-41D3-B7CF-DDF9AE6C3A84}"
EndProject
Global
	GlobalSection(SolutionConfigurationPlatforms) = preSolution
		Debug|Any CPU = Debug|Any CPU
		Release|Any CPU = Release|Any CPU
	EndGlobalSection
	GlobalSection(ProjectConfigurationPlatforms) = postSolution
		{19F70C45-433B-44BC-AFA8-D77AB4920E2B}.Debug|Any CPU.ActiveCfg = Debug|Any CPU
		{19F70C45-433B-44BC-AFA8-D77AB4920E2B}.Debug|Any CPU.Build.0 = Debug|Any CPU
		{19F70C45-433B-44BC-AFA8-D77AB4920E2B}.Release|Any CPU.ActiveCfg = Release|Any CPU
		{19F70C45-433B-44BC-AFA8-D77AB4920E2B}.Release|Any CPU.Build.0 = Release|Any CPU
		{912D5771-BB34-4B55-92DE-D2D2AB1DFA7C}.Debug|Any CPU.ActiveCfg = Debug|Any CPU
		{912D5771-BB34-4B55-92DE-D2D2AB1DFA7C}.Debug|Any CPU.Build.0 = Debug|Any CPU
		{912D5771-BB34-4B55-92DE-D2D2AB1DFA7C}.Release|Any CPU.ActiveCfg = Release|Any CPU
		{912D5771-BB34-4B55-92DE-D2D2AB1DFA7C}.Release|Any CPU.Build.0 = Release|Any CPU
		{4A957C34-D3D5-41D3-B7CF-DDF9AE6C3A84}.Debug|Any CPU.ActiveCfg = Debug|Any CPU
		{4A957C34-D3D5-41D3-B7CF-DDF9AE6C3A84}.Debug|Any CPU.Build.0 = Debug|Any CPU
		{4A957C34-D3D5-41D3-B7CF-DDF9AE6C3A84}.Release|Any CPU.ActiveCfg = Release|Any CPU
		{4A957C34-D3D5-41D3-B7CF-DDF9AE6C3A84}.Release|Any CPU.Build.0 = Release|Any CPU
	EndGlobalSection
	GlobalSection(SolutionProperties) = preSolution
		HideSolutionNode = FALSE
	EndGlobalSection
EndGlobal
